
Microsoft Visual Studio Solution File, Format Version 12.00
# Visual Studio Version 16
VisualStudioVersion = 16.0.29709.97
MinimumVisualStudioVersion = 10.0.40219.1
Project("{FAE04EC0-301F-11D3-BF4B-00C04F79EFBC}") = "CarsData", "CarsData\CarsData.csproj", "{9509D7C5-F780-4FE6-9532-1DF9BDB1E25C}"
EndProject
Project("{FAE04EC0-301F-11D3-BF4B-00C04F79EFBC}") = "CarsRepository", "CarsRepository\CarsRepository.csproj", "{CA16BA68-6A4F-4860-BA70-53A2469EAC8D}"
EndProject
Project("{FAE04EC0-301F-11D3-BF4B-00C04F79EFBC}") = "CarsServices", "CarsServices\CarsServices.csproj", "{4E1AA3F9-1B86-4F76-A3A6-CBD1FA06403B}"
EndProject
Project("{FAE04EC0-301F-11D3-BF4B-00C04F79EFBC}") = "CarsUI", "CarsUI\CarsUI.csproj", "{ADB92A4C-F237-4BF1-9E4A-F037056C311C}"
EndProject
Global
	GlobalSection(SolutionConfigurationPlatforms) = preSolution
		Debug|Any CPU = Debug|Any CPU
		Release|Any CPU = Release|Any CPU
	EndGlobalSection
	GlobalSection(ProjectConfigurationPlatforms) = postSolution
		{9509D7C5-F780-4FE6-9532-1DF9BDB1E25C}.Debug|Any CPU.ActiveCfg = Debug|Any CPU
		{9509D7C5-F780-4FE6-9532-1DF9BDB1E25C}.Debug|Any CPU.Build.0 = Debug|Any CPU
		{9509D7C5-F780-4FE6-9532-1DF9BDB1E25C}.Release|Any CPU.ActiveCfg = Release|Any CPU
		{9509D7C5-F780-4FE6-9532-1DF9BDB1E25C}.Release|Any CPU.Build.0 = Release|Any CPU
		{CA16BA68-6A4F-4860-BA70-53A2469EAC8D}.Debug|Any CPU.ActiveCfg = Debug|Any CPU
		{CA16BA68-6A4F-4860-BA70-53A2469EAC8D}.Debug|Any CPU.Build.0 = Debug|Any CPU
		{CA16BA68-6A4F-4860-BA70-53A2469EAC8D}.Release|Any CPU.ActiveCfg = Release|Any CPU
		{CA16BA68-6A4F-4860-BA70-53A2469EAC8D}.Release|Any CPU.Build.0 = Release|Any CPU
		{4E1AA3F9-1B86-4F76-A3A6-CBD1FA06403B}.Debug|Any CPU.ActiveCfg = Debug|Any CPU
		{4E1AA3F9-1B86-4F76-A3A6-CBD1FA06403B}.Debug|Any CPU.Build.0 = Debug|Any CPU
		{4E1AA3F9-1B86-4F76-A3A6-CBD1FA06403B}.Release|Any CPU.ActiveCfg = Release|Any CPU
		{4E1AA3F9-1B86-4F76-A3A6-CBD1FA06403B}.Release|Any CPU.Build.0 = Release|Any CPU
		{ADB92A4C-F237-4BF1-9E4A-F037056C311C}.Debug|Any CPU.ActiveCfg = Debug|Any CPU
		{ADB92A4C-F237-4BF1-9E4A-F037056C311C}.Debug|Any CPU.Build.0 = Debug|Any CPU
		{ADB92A4C-F237-4BF1-9E4A-F037056C311C}.Release|Any CPU.ActiveCfg = Release|Any CPU
		{ADB92A4C-F237-4BF1-9E4A-F037056C311C}.Release|Any CPU.Build.0 = Release|Any CPU
	EndGlobalSection
	GlobalSection(SolutionProperties) = preSolution
		HideSolutionNode = FALSE
	EndGlobalSection
	GlobalSection(ExtensibilityGlobals) = postSolution
		SolutionGuid = {16ECD543-486F-49A8-AE48-2A94A313911A}
	EndGlobalSection
EndGlobal
